// !$*UTF8*$!
{
	archiveVersion = 1;
	classes = {
	};
	objectVersion = 50;
	objects = {

/* Begin PBXBuildFile section */
		4FE82B7220D911810013B9AD /* AppDelegate.swift in Sources */ = {isa = PBXBuildFile; fileRef = 4FE82B7120D911810013B9AD /* AppDelegate.swift */; };
		4FE82B7420D911810013B9AD /* ViewController.swift in Sources */ = {isa = PBXBuildFile; fileRef = 4FE82B7320D911810013B9AD /* ViewController.swift */; };
		4FE82B7720D911810013B9AD /* Main.storyboard in Resources */ = {isa = PBXBuildFile; fileRef = 4FE82B7520D911810013B9AD /* Main.storyboard */; };
		4FE82B7920D911820013B9AD /* Assets.xcassets in Resources */ = {isa = PBXBuildFile; fileRef = 4FE82B7820D911820013B9AD /* Assets.xcassets */; };
		4FE82B7C20D911820013B9AD /* LaunchScreen.storyboard in Resources */ = {isa = PBXBuildFile; fileRef = 4FE82B7A20D911820013B9AD /* LaunchScreen.storyboard */; };
		4FE82B8520D916BE0013B9AD /* level1.txt in Resources */ = {isa = PBXBuildFile; fileRef = 4FE82B8320D916BD0013B9AD /* level1.txt */; };
		4FE82B8620D916BE0013B9AD /* level2.txt in Resources */ = {isa = PBXBuildFile; fileRef = 4FE82B8420D916BE0013B9AD /* level2.txt */; };
/* End PBXBuildFile section */

/* Begin PBXFileReference section */
		4FE82B6E20D911810013B9AD /* Project-8-Seven-Swifty-Words.app */ = {isa = PBXFileReference; explicitFileType = wrapper.application; includeInIndex = 0; path = "Project-8-Seven-Swifty-Words.app"; sourceTree = BUILT_PRODUCTS_DIR; };
		4FE82B7120D911810013B9AD /* AppDelegate.swift */ = {isa = PBXFileReference; lastKnownFileType = sourcecode.swift; path = AppDelegate.swift; sourceTree = "<group>"; };
		4FE82B7320D911810013B9AD /* ViewController.swift */ = {isa = PBXFileReference; lastKnownFileType = sourcecode.swift; path = ViewController.swift; sourceTree = "<group>"; };
		4FE82B7620D911810013B9AD /* Base */ = {isa = PBXFileReference; lastKnownFileType = file.storyboard; name = Base; path = Base.lproj/Main.storyboard; sourceTree = "<group>"; };
		4FE82B7820D911820013B9AD /* Assets.xcassets */ = {isa = PBXFileReference; lastKnownFileType = folder.assetcatalog; path = Assets.xcassets; sourceTree = "<group>"; };
		4FE82B7B20D911820013B9AD /* Base */ = {isa = PBXFileReference; lastKnownFileType = file.storyboard; name = Base; path = Base.lproj/LaunchScreen.storyboard; sourceTree = "<group>"; };
		4FE82B7D20D911820013B9AD /* Info.plist */ = {isa = PBXFileReference; lastKnownFileType = text.plist.xml; path = Info.plist; sourceTree = "<group>"; };
		4FE82B8320D916BD0013B9AD /* level1.txt */ = {isa = PBXFileReference; fileEncoding = 4; lastKnownFileType = text; path = level1.txt; sourceTree = "<group>"; };
		4FE82B8420D916BE0013B9AD /* level2.txt */ = {isa = PBXFileReference; fileEncoding = 4; lastKnownFileType = text; path = level2.txt; sourceTree = "<group>"; };
/* End PBXFileReference section */

/* Begin PBXFrameworksBuildPhase section */
		4FE82B6B20D911810013B9AD /* Frameworks */ = {
			isa = PBXFrameworksBuildPhase;
			buildActionMask = 2147483647;
			files = (
			);
			runOnlyForDeploymentPostprocessing = 0;
		};
/* End PBXFrameworksBuildPhase section */

/* Begin PBXGroup section */
		4FE82B6520D911810013B9AD = {
			isa = PBXGroup;
			children = (
				4FE82B7020D911810013B9AD /* Project-8-Seven-Swifty-Words */,
				4FE82B6F20D911810013B9AD /* Products */,
			);
			sourceTree = "<group>";
		};
		4FE82B6F20D911810013B9AD /* Products */ = {
			isa = PBXGroup;
			children = (
				4FE82B6E20D911810013B9AD /* Project-8-Seven-Swifty-Words.app */,
			);
			name = Products;
			sourceTree = "<group>";
		};
		4FE82B7020D911810013B9AD /* Project-8-Seven-Swifty-Words */ = {
			isa = PBXGroup;
			children = (
				4FE82B7120D911810013B9AD /* AppDelegate.swift */,
				4FE82B7320D911810013B9AD /* ViewController.swift */,
				4FE82B7520D911810013B9AD /* Main.storyboard */,
				4FE82B7820D911820013B9AD /* Assets.xcassets */,
				4FE82B7A20D911820013B9AD /* LaunchScreen.storyboard */,
				4FE82B7D20D911820013B9AD /* Info.plist */,
				4FE82B8320D916BD0013B9AD /* level1.txt */,
				4FE82B8420D916BE0013B9AD /* level2.txt */,
			);
			path = "Project-8-Seven-Swifty-Words";
			sourceTree = "<group>";
		};
/* End PBXGroup section */

/* Begin PBXNativeTarget section */
		4FE82B6D20D911810013B9AD /* Project-8-Seven-Swifty-Words */ = {
			isa = PBXNativeTarget;
			buildConfigurationList = 4FE82B8020D911820013B9AD /* Build configuration list for PBXNativeTarget "Project-8-Seven-Swifty-Words" */;
			buildPhases = (
				4FE82B6A20D911810013B9AD /* Sources */,
				4FE82B6B20D911810013B9AD /* Frameworks */,
				4FE82B6C20D911810013B9AD /* Resources */,
			);
			buildRules = (
			);
			dependencies = (
			);
			name = "Project-8-Seven-Swifty-Words";
			productName = "Project-8-Seven-Swifty-Words";
			productReference = 4FE82B6E20D911810013B9AD /* Project-8-Seven-Swifty-Words.app */;
			productType = "com.apple.product-type.application";
		};
/* End PBXNativeTarget section */

/* Begin PBXProject section */
		4FE82B6620D911810013B9AD /* Project object */ = {
			isa = PBXProject;
			attributes = {
				LastSwiftUpdateCheck = 0940;
				LastUpgradeCheck = 0940;
				ORGANIZATIONNAME = "A&D Progress";
				TargetAttributes = {
					4FE82B6D20D911810013B9AD = {
						CreatedOnToolsVersion = 9.4.1;
					};
				};
			};
			buildConfigurationList = 4FE82B6920D911810013B9AD /* Build configuration list for PBXProject "Project-8-Seven-Swifty-Words" */;
			compatibilityVersion = "Xcode 9.3";
			developmentRegion = en;
			hasScannedForEncodings = 0;
			knownRegions = (
				en,
				Base,
			);
			mainGroup = 4FE82B6520D911810013B9AD;
			productRefGroup = 4FE82B6F20D911810013B9AD /* Products */;
			projectDirPath = "";
			projectRoot = "";
			targets = (
				4FE82B6D20D911810013B9AD /* Project-8-Seven-Swifty-Words */,
			);
		};
/* End PBXProject section */

/* Begin PBXResourcesBuildPhase section */
		4FE82B6C20D911810013B9AD /* Resources */ = {
			isa = PBXResourcesBuildPhase;
			buildActionMask = 2147483647;
			files = (
				4FE82B8620D916BE0013B9AD /* level2.txt in Resources */,
				4FE82B7C20D911820013B9AD /* LaunchScreen.storyboard in Resources */,
				4FE82B8520D916BE0013B9AD /* level1.txt in Resources */,
				4FE82B7920D911820013B9AD /* Assets.xcassets in Resources */,
				4FE82B7720D911810013B9AD /* Main.storyboard in Resources */,
			);
			runOnlyForDeploymentPostprocessing = 0;
		};
/* End PBXResourcesBuildPhase section */

/* Begin PBXSourcesBuildPhase section */
		4FE82B6A20D911810013B9AD /* Sources */ = {
			isa = PBXSourcesBuildPhase;
			buildActionMask = 2147483647;
			files = (
				4FE82B7420D911810013B9AD /* ViewController.swift in Sources */,
				4FE82B7220D911810013B9AD /* AppDelegate.swift in Sources */,
			);
			runOnlyForDeploymentPostprocessing = 0;
		};
/* End PBXSourcesBuildPhase section */

/* Begin PBXVariantGroup section */
		4FE82B7520D911810013B9AD /* Main.storyboard */ = {
			isa = PBXVariantGroup;
			children = (
				4FE82B7620D911810013B9AD /* Base */,
			);
			name = Main.storyboard;
			sourceTree = "<group>";
		};
		4FE82B7A20D911820013B9AD /* LaunchScreen.storyboard */ = {
			isa = PBXVariantGroup;
			children = (
				4FE82B7B20D911820013B9AD /* Base */,
			);
			name = LaunchScreen.storyboard;
			sourceTree = "<group>";
		};
/* End PBXVariantGroup section */

/* Begin XCBuildConfiguration section */
		4FE82B7E20D911820013B9AD /* Debug */ = {
			isa = XCBuildConfiguration;
			buildSettings = {
				ALWAYS_SEARCH_USER_PATHS = NO;
				CLANG_ANALYZER_NONNULL = YES;
				CLANG_ANALYZER_NUMBER_OBJECT_CONVERSION = YES_AGGRESSIVE;
				CLANG_CXX_LANGUAGE_STANDARD = "gnu++14";
				CLANG_CXX_LIBRARY = "libc++";
				CLANG_ENABLE_MODULES = YES;
				CLANG_ENABLE_OBJC_ARC = YES;
				CLANG_ENABLE_OBJC_WEAK = YES;
				CLANG_WARN_BLOCK_CAPTURE_AUTORELEASING = YES;
				CLANG_WARN_BOOL_CONVERSION = YES;
				CLANG_WARN_COMMA = YES;
				CLANG_WARN_CONSTANT_CONVERSION = YES;
				CLANG_WARN_DEPRECATED_OBJC_IMPLEMENTATIONS = YES;
				CLANG_WARN_DIRECT_OBJC_ISA_USAGE = YES_ERROR;
				CLANG_WARN_DOCUMENTATION_COMMENTS = YES;
				CLANG_WARN_EMPTY_BODY = YES;
				CLANG_WARN_ENUM_CONVERSION = YES;
				CLANG_WARN_INFINITE_RECURSION = YES;
				CLANG_WARN_INT_CONVERSION = YES;
				CLANG_WARN_NON_LITERAL_NULL_CONVERSION = YES;
				CLANG_WARN_OBJC_IMPLICIT_RETAIN_SELF = YES;
				CLANG_WARN_OBJC_LITERAL_CONVERSION = YES;
				CLANG_WARN_OBJC_ROOT_CLASS = YES_ERROR;
				CLANG_WARN_RANGE_LOOP_ANALYSIS = YES;
				CLANG_WARN_STRICT_PROTOTYPES = YES;
				CLANG_WARN_SUSPICIOUS_MOVE = YES;
				CLANG_WARN_UNGUARDED_AVAILABILITY = YES_AGGRESSIVE;
				CLANG_WARN_UNREACHABLE_CODE = YES;
				CLANG_WARN__DUPLICATE_METHOD_MATCH = YES;
				CODE_SIGN_IDENTITY = "iPhone Developer";
				COPY_PHASE_STRIP = NO;
				DEBUG_INFORMATION_FORMAT = dwarf;
				ENABLE_STRICT_OBJC_MSGSEND = YES;
				ENABLE_TESTABILITY = YES;
				GCC_C_LANGUAGE_STANDARD = gnu11;
				GCC_DYNAMIC_NO_PIC = NO;
				GCC_NO_COMMON_BLOCKS = YES;
				GCC_OPTIMIZATION_LEVEL = 0;
				GCC_PREPROCESSOR_DEFINITIONS = (
					"DEBUG=1",
					"$(inherited)",
				);
				GCC_WARN_64_TO_32_BIT_CONVERSION = YES;
				GCC_WARN_ABOUT_RETURN_TYPE = YES_ERROR;
				GCC_WARN_UNDECLARED_SELECTOR = YES;
				GCC_WARN_UNINITIALIZED_AUTOS = YES_AGGRESSIVE;
				GCC_WARN_UNUSED_FUNCTION = YES;
				GCC_WARN_UNUSED_VARIABLE = YES;
				IPHONEOS_DEPLOYMENT_TARGET = 11.4;
				MTL_ENABLE_DEBUG_INFO = YES;
				ONLY_ACTIVE_ARCH = YES;
				SDKROOT = iphoneos;
				SWIFT_ACTIVE_COMPILATION_CONDITIONS = DEBUG;
				SWIFT_OPTIMIZATION_LEVEL = "-Onone";
			};
			name = Debug;
		};
		4FE82B7F20D911820013B9AD /* Release */ = {
			isa = XCBuildConfiguration;
			buildSettings = {
				ALWAYS_SEARCH_USER_PATHS = NO;
				CLANG_ANALYZER_NONNULL = YES;
				CLANG_ANALYZER_NUMBER_OBJECT_CONVERSION = YES_AGGRESSIVE;
				CLANG_CXX_LANGUAGE_STANDARD = "gnu++14";
				CLANG_CXX_LIBRARY = "libc++";
				CLANG_ENABLE_MODULES = YES;
				CLANG_ENABLE_OBJC_ARC = YES;
				CLANG_ENABLE_OBJC_WEAK = YES;
				CLANG_WARN_BLOCK_CAPTURE_AUTORELEASING = YES;
				CLANG_WARN_BOOL_CONVERSION = YES;
				CLANG_WARN_COMMA = YES;
				CLANG_WARN_CONSTANT_CONVERSION = YES;
				CLANG_WARN_DEPRECATED_OBJC_IMPLEMENTATIONS = YES;
				CLANG_WARN_DIRECT_OBJC_ISA_USAGE = YES_ERROR;
				CLANG_WARN_DOCUMENTATION_COMMENTS = YES;
				CLANG_WARN_EMPTY_BODY = YES;
				CLANG_WARN_ENUM_CONVERSION = YES;
				CLANG_WARN_INFINITE_RECURSION = YES;
				CLANG_WARN_INT_CONVERSION = YES;
				CLANG_WARN_NON_LITERAL_NULL_CONVERSION = YES;
				CLANG_WARN_OBJC_IMPLICIT_RETAIN_SELF = YES;
				CLANG_WARN_OBJC_LITERAL_CONVERSION = YES;
				CLANG_WARN_OBJC_ROOT_CLASS = YES_ERROR;
				CLANG_WARN_RANGE_LOOP_ANALYSIS = YES;
				CLANG_WARN_STRICT_PROTOTYPES = YES;
				CLANG_WARN_SUSPICIOUS_MOVE = YES;
				CLANG_WARN_UNGUARDED_AVAILABILITY = YES_AGGRESSIVE;
				CLANG_WARN_UNREACHABLE_CODE = YES;
				CLANG_WARN__DUPLICATE_METHOD_MATCH = YES;
				CODE_SIGN_IDENTITY = "iPhone Developer";
				COPY_PHASE_STRIP = NO;
				DEBUG_INFORMATION_FORMAT = "dwarf-with-dsym";
				ENABLE_NS_ASSERTIONS = NO;
				ENABLE_STRICT_OBJC_MSGSEND = YES;
				GCC_C_LANGUAGE_STANDARD = gnu11;
				GCC_NO_COMMON_BLOCKS = YES;
				GCC_WARN_64_TO_32_BIT_CONVERSION = YES;
				GCC_WARN_ABOUT_RETURN_TYPE = YES_ERROR;
				GCC_WARN_UNDECLARED_SELECTOR = YES;
				GCC_WARN_UNINITIALIZED_AUTOS = YES_AGGRESSIVE;
				GCC_WARN_UNUSED_FUNCTION = YES;
				GCC_WARN_UNUSED_VARIABLE = YES;
				IPHONEOS_DEPLOYMENT_TARGET = 11.4;
				MTL_ENABLE_DEBUG_INFO = NO;
				SDKROOT = iphoneos;
				SWIFT_COMPILATION_MODE = wholemodule;
				SWIFT_OPTIMIZATION_LEVEL = "-O";
				VALIDATE_PRODUCT = YES;
			};
			name = Release;
		};
		4FE82B8120D911820013B9AD /* Debug */ = {
			isa = XCBuildConfiguration;
			buildSettings = {
				ASSETCATALOG_COMPILER_APPICON_NAME = AppIcon;
				CODE_SIGN_STYLE = Automatic;
				DEVELOPMENT_TEAM = 6GDWE93PAP;
				INFOPLIST_FILE = "Project-8-Seven-Swifty-Words/Info.plist";
				LD_RUNPATH_SEARCH_PATHS = (
					"$(inherited)",
					"@executable_path/Frameworks",
				);
				PRODUCT_BUNDLE_IDENTIFIER = "com.adprogress.Project-8-Seven-Swifty-Words";
				PRODUCT_NAME = "$(TARGET_NAME)";
				SWIFT_VERSION = 4.0;
				TARGETED_DEVICE_FAMILY = 2;
			};
			name = Debug;
		};
		4FE82B8220D911820013B9AD /* Release */ = {
			isa = XCBuildConfiguration;
			buildSettings = {
				ASSETCATALOG_COMPILER_APPICON_NAME = AppIcon;
				CODE_SIGN_STYLE = Automatic;
				DEVELOPMENT_TEAM = 6GDWE93PAP;
				INFOPLIST_FILE = "Project-8-Seven-Swifty-Words/Info.plist";
				LD_RUNPATH_SEARCH_PATHS = (
					"$(inherited)",
					"@executable_path/Frameworks",
				);
				PRODUCT_BUNDLE_IDENTIFIER = "com.adprogress.Project-8-Seven-Swifty-Words";
				PRODUCT_NAME = "$(TARGET_NAME)";
				SWIFT_VERSION = 4.0;
				TARGETED_DEVICE_FAMILY = 2;
			};
			name = Release;
		};
/* End XCBuildConfiguration section */

/* Begin XCConfigurationList section */
		4FE82B6920D911810013B9AD /* Build configuration list for PBXProject "Project-8-Seven-Swifty-Words" */ = {
			isa = XCConfigurationList;
			buildConfigurations = (
				4FE82B7E20D911820013B9AD /* Debug */,
				4FE82B7F20D911820013B9AD /* Release */,
			);
			defaultConfigurationIsVisible = 0;
			defaultConfigurationName = Release;
		};
		4FE82B8020D911820013B9AD /* Build configuration list for PBXNativeTarget "Project-8-Seven-Swifty-Words" */ = {
			isa = XCConfigurationList;
			buildConfigurations = (
				4FE82B8120D911820013B9AD /* Debug */,
				4FE82B8220D911820013B9AD /* Release */,
			);
			defaultConfigurationIsVisible = 0;
			defaultConfigurationName = Release;
		};
/* End XCConfigurationList section */
	};
	rootObject = 4FE82B6620D911810013B9AD /* Project object */;
}
